
Microsoft Visual Studio Solution File, Format Version 12.00
# Visual Studio Version 17
VisualStudioVersion = 17.8.34525.116
MinimumVisualStudioVersion = 10.0.40219.1
Project("{FAE04EC0-301F-11D3-BF4B-00C04F79EFBC}") = "CRUD", "CRUD.csproj", "{CC4DED98-67E0-4D46-9A9F-AD5AEC5B9D10}"
EndProject
Global
	GlobalSection(SolutionConfigurationPlatforms) = preSolution
		Debug|Any CPU = Debug|Any CPU
		Release|Any CPU = Release|Any CPU
	EndGlobalSection
	GlobalSection(ProjectConfigurationPlatforms) = postSolution
		{CC4DED98-67E0-4D46-9A9F-AD5AEC5B9D10}.Debug|Any CPU.ActiveCfg = Debug|Any CPU
		{CC4DED98-67E0-4D46-9A9F-AD5AEC5B9D10}.Debug|Any CPU.Build.0 = Debug|Any CPU
		{CC4DED98-67E0-4D46-9A9F-AD5AEC5B9D10}.Release|Any CPU.ActiveCfg = Release|Any CPU
		{CC4DED98-67E0-4D46-9A9F-AD5AEC5B9D10}.Release|Any CPU.Build.0 = Release|Any CPU
	EndGlobalSection
	GlobalSection(SolutionProperties) = preSolution
		HideSolutionNode = FALSE
	EndGlobalSection
	GlobalSection(ExtensibilityGlobals) = postSolution
		SolutionGuid = {0983D315-70EC-4A4C-97D3-66245304F04C}
	EndGlobalSection
EndGlobal
